
Microsoft Visual Studio Solution File, Format Version 11.00
# Visual Studio 2010
Project("{FAE04EC0-301F-11D3-BF4B-00C04F79EFBC}") = "PhotonUnityNetworking.Utilities", "PhotonUnityNetworking.Utilities.csproj", "{50c4e1ea-b41c-92ba-e4cb-5704d5018c39}"
EndProject
Project("{FAE04EC0-301F-11D3-BF4B-00C04F79EFBC}") = "Assembly-CSharp", "Assembly-CSharp.csproj", "{cdf05b13-fc1a-472c-3122-cbc5a87234e9}"
EndProject
Project("{FAE04EC0-301F-11D3-BF4B-00C04F79EFBC}") = "PhotonUnityNetworking.Demos", "PhotonUnityNetworking.Demos.csproj", "{cfb2c62b-63db-626b-05b3-705334040d19}"
EndProject
Project("{FAE04EC0-301F-11D3-BF4B-00C04F79EFBC}") = "PhotonUnityNetworking", "PhotonUnityNetworking.csproj", "{d6e6e4e5-7851-acd5-3890-fd78d95bf1fb}"
EndProject
Project("{FAE04EC0-301F-11D3-BF4B-00C04F79EFBC}") = "PhotonChat", "PhotonChat.csproj", "{84e289ca-6b5d-d77c-59fb-a172ba80b5ab}"
EndProject
Project("{FAE04EC0-301F-11D3-BF4B-00C04F79EFBC}") = "PhotonRealtime", "PhotonRealtime.csproj", "{b07fd292-ccd5-fdce-f63d-7d8db3436f4b}"
EndProject
Project("{FAE04EC0-301F-11D3-BF4B-00C04F79EFBC}") = "PhotonUnityNetworking.Editor", "PhotonUnityNetworking.Editor.csproj", "{10bc0eb8-228e-0364-ae0e-3a1b2ad2babe}"
EndProject
Project("{FAE04EC0-301F-11D3-BF4B-00C04F79EFBC}") = "PhotonUnityNetworking.Utilities.PhotonPlayer.Editor", "PhotonUnityNetworking.Utilities.PhotonPlayer.Editor.csproj", "{136deac1-4972-794c-ef08-19265eed2ae5}"
EndProject
Project("{FAE04EC0-301F-11D3-BF4B-00C04F79EFBC}") = "PunDemos.DemoSlotcarEditor", "PunDemos.DemoSlotcarEditor.csproj", "{b583e378-2709-2949-1d44-af11ee33f64a}"
EndProject
Project("{FAE04EC0-301F-11D3-BF4B-00C04F79EFBC}") = "PhotonUnityNetworking.Utilities.Culling.Editor", "PhotonUnityNetworking.Utilities.Culling.Editor.csproj", "{767e924d-3882-bc25-d527-b5ef06b0faaf}"
EndProject
Project("{FAE04EC0-301F-11D3-BF4B-00C04F79EFBC}") = "PunDemos.DemoHubEditor", "PunDemos.DemoHubEditor.csproj", "{2798f2ac-8f78-829b-2fec-ab8d17b8973f}"
EndProject
Global
	GlobalSection(SolutionConfigurationPlatforms) = preSolution
		Debug|Any CPU = Debug|Any CPU
		Release|Any CPU = Release|Any CPU
	EndGlobalSection
	GlobalSection(ProjectConfigurationPlatforms) = postSolution
		{50c4e1ea-b41c-92ba-e4cb-5704d5018c39}.Debug|Any CPU.ActiveCfg = Debug|Any CPU
		{50c4e1ea-b41c-92ba-e4cb-5704d5018c39}.Debug|Any CPU.Build.0 = Debug|Any CPU
		{50c4e1ea-b41c-92ba-e4cb-5704d5018c39}.Release|Any CPU.ActiveCfg = Release|Any CPU
		{50c4e1ea-b41c-92ba-e4cb-5704d5018c39}.Release|Any CPU.Build.0 = Release|Any CPU
		{cdf05b13-fc1a-472c-3122-cbc5a87234e9}.Debug|Any CPU.ActiveCfg = Debug|Any CPU
		{cdf05b13-fc1a-472c-3122-cbc5a87234e9}.Debug|Any CPU.Build.0 = Debug|Any CPU
		{cdf05b13-fc1a-472c-3122-cbc5a87234e9}.Release|Any CPU.ActiveCfg = Release|Any CPU
		{cdf05b13-fc1a-472c-3122-cbc5a87234e9}.Release|Any CPU.Build.0 = Release|Any CPU
		{cfb2c62b-63db-626b-05b3-705334040d19}.Debug|Any CPU.ActiveCfg = Debug|Any CPU
		{cfb2c62b-63db-626b-05b3-705334040d19}.Debug|Any CPU.Build.0 = Debug|Any CPU
		{cfb2c62b-63db-626b-05b3-705334040d19}.Release|Any CPU.ActiveCfg = Release|Any CPU
		{cfb2c62b-63db-626b-05b3-705334040d19}.Release|Any CPU.Build.0 = Release|Any CPU
		{d6e6e4e5-7851-acd5-3890-fd78d95bf1fb}.Debug|Any CPU.ActiveCfg = Debug|Any CPU
		{d6e6e4e5-7851-acd5-3890-fd78d95bf1fb}.Debug|Any CPU.Build.0 = Debug|Any CPU
		{d6e6e4e5-7851-acd5-3890-fd78d95bf1fb}.Release|Any CPU.ActiveCfg = Release|Any CPU
		{d6e6e4e5-7851-acd5-3890-fd78d95bf1fb}.Release|Any CPU.Build.0 = Release|Any CPU
		{84e289ca-6b5d-d77c-59fb-a172ba80b5ab}.Debug|Any CPU.ActiveCfg = Debug|Any CPU
		{84e289ca-6b5d-d77c-59fb-a172ba80b5ab}.Debug|Any CPU.Build.0 = Debug|Any CPU
		{84e289ca-6b5d-d77c-59fb-a172ba80b5ab}.Release|Any CPU.ActiveCfg = Release|Any CPU
		{84e289ca-6b5d-d77c-59fb-a172ba80b5ab}.Release|Any CPU.Build.0 = Release|Any CPU
		{b07fd292-ccd5-fdce-f63d-7d8db3436f4b}.Debug|Any CPU.ActiveCfg = Debug|Any CPU
		{b07fd292-ccd5-fdce-f63d-7d8db3436f4b}.Debug|Any CPU.Build.0 = Debug|Any CPU
		{b07fd292-ccd5-fdce-f63d-7d8db3436f4b}.Release|Any CPU.ActiveCfg = Release|Any CPU
		{b07fd292-ccd5-fdce-f63d-7d8db3436f4b}.Release|Any CPU.Build.0 = Release|Any CPU
		{10bc0eb8-228e-0364-ae0e-3a1b2ad2babe}.Debug|Any CPU.ActiveCfg = Debug|Any CPU
		{10bc0eb8-228e-0364-ae0e-3a1b2ad2babe}.Debug|Any CPU.Build.0 = Debug|Any CPU
		{10bc0eb8-228e-0364-ae0e-3a1b2ad2babe}.Release|Any CPU.ActiveCfg = Release|Any CPU
		{10bc0eb8-228e-0364-ae0e-3a1b2ad2babe}.Release|Any CPU.Build.0 = Release|Any CPU
		{136deac1-4972-794c-ef08-19265eed2ae5}.Debug|Any CPU.ActiveCfg = Debug|Any CPU
		{136deac1-4972-794c-ef08-19265eed2ae5}.Debug|Any CPU.Build.0 = Debug|Any CPU
		{136deac1-4972-794c-ef08-19265eed2ae5}.Release|Any CPU.ActiveCfg = Release|Any CPU
		{136deac1-4972-794c-ef08-19265eed2ae5}.Release|Any CPU.Build.0 = Release|Any CPU
		{b583e378-2709-2949-1d44-af11ee33f64a}.Debug|Any CPU.ActiveCfg = Debug|Any CPU
		{b583e378-2709-2949-1d44-af11ee33f64a}.Debug|Any CPU.Build.0 = Debug|Any CPU
		{b583e378-2709-2949-1d44-af11ee33f64a}.Release|Any CPU.ActiveCfg = Release|Any CPU
		{b583e378-2709-2949-1d44-af11ee33f64a}.Release|Any CPU.Build.0 = Release|Any CPU
		{767e924d-3882-bc25-d527-b5ef06b0faaf}.Debug|Any CPU.ActiveCfg = Debug|Any CPU
		{767e924d-3882-bc25-d527-b5ef06b0faaf}.Debug|Any CPU.Build.0 = Debug|Any CPU
		{767e924d-3882-bc25-d527-b5ef06b0faaf}.Release|Any CPU.ActiveCfg = Release|Any CPU
		{767e924d-3882-bc25-d527-b5ef06b0faaf}.Release|Any CPU.Build.0 = Release|Any CPU
		{2798f2ac-8f78-829b-2fec-ab8d17b8973f}.Debug|Any CPU.ActiveCfg = Debug|Any CPU
		{2798f2ac-8f78-829b-2fec-ab8d17b8973f}.Debug|Any CPU.Build.0 = Debug|Any CPU
		{2798f2ac-8f78-829b-2fec-ab8d17b8973f}.Release|Any CPU.ActiveCfg = Release|Any CPU
		{2798f2ac-8f78-829b-2fec-ab8d17b8973f}.Release|Any CPU.Build.0 = Release|Any CPU
	EndGlobalSection
	GlobalSection(SolutionProperties) = preSolution
		HideSolutionNode = FALSE
	EndGlobalSection
EndGlobal
